<Solution>
  <Folder Name="/BasicTemplates/">
    <File Path="BasicTemplates/BasicClassTemplate.tt" />
    <File Path="BasicTemplates/ModelsProject.tt" />
    <File Path="BasicTemplates/README T4TemplatesContract.md" />
    <File Path="MainModelGraph.tt" />
  </Folder>
  <Folder Name="/BasicTemplates/Shared/">
    <File Path="BasicTemplates/Shared/SolutionGraph.ttinclude" />
    <File Path="BasicTemplates/Shared/TargetFolders.ttinclude" />
    <File Path="BasicTemplates/Shared/TemplateArguments.ttinclude" />
    <File Path="BasicTemplates/Shared/TemplateLog.ttinclude" />
  </Folder>
  <Folder Name="/BasicTemplates/WPF/">
    <File Path="BasicTemplates/WPF/DesignTimeSetup.tt" />
    <File Path="BasicTemplates/WPF/DISetup.tt" />
    <File Path="BasicTemplates/WPF/PlanSetup.tt" />
  </Folder>
  <Folder Name="/CoderFiles/">
    <File Path="CoderFiles/DISetup.log.txt" />
    <File Path="CoderFiles/README-DependencyInjection.md" />
  </Folder>
  <Project Path="XpEng.Coder/XpEng.Coder03.Views/XpEng.Coder03.Views.csproj" />
  <Project Path="XpEng.Coder/XpEng.Coder06.Data/XpEng.Coder06.Data.csproj" />
  <Project Path="XpEng.Coder/XpEng.Coder06.ViewModels/XpEng.Coder06.ViewModels.csproj" />
  <Project Path="XpEng.Coder/XpEng.Coder09.Models/XpEng.Coder09.Models.csproj" />
  <Project Path="XpEng.Coder/XpEng.Coder12.Services/XpEng.Coder12.Services.csproj" Id="8052b701-1de8-48d4-8463-3aa1141efc37" />
  <Project Path="XpEng.Coder/XpEng.Coder80.Infrastructure/XpEng.Coder80.Infrastructure.csproj" />
  <Project Path="XpEng.Coder/XpEng.Coder90.Tests/XpEng.Coder90.Tests.csproj" />
</Solution>
